// !$*UTF8*$!
{
	archiveVersion = 1;
	classes = {
	};
	objectVersion = 50;
	objects = {

/* Begin PBXBuildFile section */
		E4283F2A209EF80F004D2B66 /* main.swift in Sources */ = {isa = PBXBuildFile; fileRef = E4283F29209EF80F004D2B66 /* main.swift */; };
		E4283F32209EF869004D2B66 /* GeneralBinaryTree.swift in Sources */ = {isa = PBXBuildFile; fileRef = E4283F31209EF869004D2B66 /* GeneralBinaryTree.swift */; };
		E42E27C820A828FE0068F77E /* OptinalTest.swift in Sources */ = {isa = PBXBuildFile; fileRef = E42E27C720A828FE0068F77E /* OptinalTest.swift */; };
		E4724FC420A9CBD900176260 /* MapTest.swift in Sources */ = {isa = PBXBuildFile; fileRef = E4724FC320A9CBD900176260 /* MapTest.swift */; };
		E4724FC620A9CF9500176260 /* FilterTest.swift in Sources */ = {isa = PBXBuildFile; fileRef = E4724FC520A9CF9500176260 /* FilterTest.swift */; };
		E4724FC820A9D2AD00176260 /* ReduceTest.swift in Sources */ = {isa = PBXBuildFile; fileRef = E4724FC720A9D2AD00176260 /* ReduceTest.swift */; };
/* End PBXBuildFile section */

/* Begin PBXCopyFilesBuildPhase section */
		E4283F24209EF80F004D2B66 /* CopyFiles */ = {
			isa = PBXCopyFilesBuildPhase;
			buildActionMask = 2147483647;
			dstPath = /usr/share/man/man1/;
			dstSubfolderSpec = 0;
			files = (
			);
			runOnlyForDeploymentPostprocessing = 1;
		};
/* End PBXCopyFilesBuildPhase section */

/* Begin PBXFileReference section */
		E4283F26209EF80F004D2B66 /* DataStructDemo */ = {isa = PBXFileReference; explicitFileType = "compiled.mach-o.executable"; includeInIndex = 0; path = DataStructDemo; sourceTree = BUILT_PRODUCTS_DIR; };
		E4283F29209EF80F004D2B66 /* main.swift */ = {isa = PBXFileReference; lastKnownFileType = sourcecode.swift; path = main.swift; sourceTree = "<group>"; };
		E4283F31209EF869004D2B66 /* GeneralBinaryTree.swift */ = {isa = PBXFileReference; fileEncoding = 4; lastKnownFileType = sourcecode.swift; path = GeneralBinaryTree.swift; sourceTree = "<group>"; };
		E42E27C720A828FE0068F77E /* OptinalTest.swift */ = {isa = PBXFileReference; lastKnownFileType = sourcecode.swift; path = OptinalTest.swift; sourceTree = "<group>"; };
		E4724FC320A9CBD900176260 /* MapTest.swift */ = {isa = PBXFileReference; lastKnownFileType = sourcecode.swift; path = MapTest.swift; sourceTree = "<group>"; };
		E4724FC520A9CF9500176260 /* FilterTest.swift */ = {isa = PBXFileReference; lastKnownFileType = sourcecode.swift; path = FilterTest.swift; sourceTree = "<group>"; };
		E4724FC720A9D2AD00176260 /* ReduceTest.swift */ = {isa = PBXFileReference; lastKnownFileType = sourcecode.swift; path = ReduceTest.swift; sourceTree = "<group>"; };
/* End PBXFileReference section */

/* Begin PBXFrameworksBuildPhase section */
		E4283F23209EF80F004D2B66 /* Frameworks */ = {
			isa = PBXFrameworksBuildPhase;
			buildActionMask = 2147483647;
			files = (
			);
			runOnlyForDeploymentPostprocessing = 0;
		};
/* End PBXFrameworksBuildPhase section */

/* Begin PBXGroup section */
		E4283F1D209EF80E004D2B66 = {
			isa = PBXGroup;
			children = (
				E4283F28209EF80F004D2B66 /* DataStructDemo */,
				E4283F27209EF80F004D2B66 /* Products */,
			);
			sourceTree = "<group>";
		};
		E4283F27209EF80F004D2B66 /* Products */ = {
			isa = PBXGroup;
			children = (
				E4283F26209EF80F004D2B66 /* DataStructDemo */,
			);
			name = Products;
			sourceTree = "<group>";
		};
		E4283F28209EF80F004D2B66 /* DataStructDemo */ = {
			isa = PBXGroup;
			children = (
				E4283F30209EF869004D2B66 /* BinaryTree */,
				E4283F29209EF80F004D2B66 /* main.swift */,
				E4724FC520A9CF9500176260 /* FilterTest.swift */,
				E4724FC720A9D2AD00176260 /* ReduceTest.swift */,
			);
			path = DataStructDemo;
			sourceTree = "<group>";
		};
		E4283F30209EF869004D2B66 /* BinaryTree */ = {
			isa = PBXGroup;
			children = (
				E4283F31209EF869004D2B66 /* GeneralBinaryTree.swift */,
				E42E27C720A828FE0068F77E /* OptinalTest.swift */,
				E4724FC320A9CBD900176260 /* MapTest.swift */,
			);
			path = BinaryTree;
			sourceTree = "<group>";
		};
/* End PBXGroup section */

/* Begin PBXNativeTarget section */
		E4283F25209EF80F004D2B66 /* DataStructDemo */ = {
			isa = PBXNativeTarget;
			buildConfigurationList = E4283F2D209EF80F004D2B66 /* Build configuration list for PBXNativeTarget "DataStructDemo" */;
			buildPhases = (
				E4283F22209EF80F004D2B66 /* Sources */,
				E4283F23209EF80F004D2B66 /* Frameworks */,
				E4283F24209EF80F004D2B66 /* CopyFiles */,
			);
			buildRules = (
			);
			dependencies = (
			);
			name = DataStructDemo;
			productName = DataStructDemo;
			productReference = E4283F26209EF80F004D2B66 /* DataStructDemo */;
			productType = "com.apple.product-type.tool";
		};
/* End PBXNativeTarget section */

/* Begin PBXProject section */
		E4283F1E209EF80E004D2B66 /* Project object */ = {
			isa = PBXProject;
			attributes = {
				LastSwiftUpdateCheck = 0930;
				LastUpgradeCheck = 0930;
				ORGANIZATIONNAME = "丁秀伟";
				TargetAttributes = {
					E4283F25209EF80F004D2B66 = {
						CreatedOnToolsVersion = 9.3;
					};
				};
			};
			buildConfigurationList = E4283F21209EF80E004D2B66 /* Build configuration list for PBXProject "DataStructDemo" */;
			compatibilityVersion = "Xcode 9.3";
			developmentRegion = en;
			hasScannedForEncodings = 0;
			knownRegions = (
				en,
			);
			mainGroup = E4283F1D209EF80E004D2B66;
			productRefGroup = E4283F27209EF80F004D2B66 /* Products */;
			projectDirPath = "";
			projectRoot = "";
			targets = (
				E4283F25209EF80F004D2B66 /* DataStructDemo */,
			);
		};
/* End PBXProject section */

/* Begin PBXSourcesBuildPhase section */
		E4283F22209EF80F004D2B66 /* Sources */ = {
			isa = PBXSourcesBuildPhase;
			buildActionMask = 2147483647;
			files = (
				E4283F2A209EF80F004D2B66 /* main.swift in Sources */,
				E4283F32209EF869004D2B66 /* GeneralBinaryTree.swift in Sources */,
				E4724FC620A9CF9500176260 /* FilterTest.swift in Sources */,
				E4724FC820A9D2AD00176260 /* ReduceTest.swift in Sources */,
				E4724FC420A9CBD900176260 /* MapTest.swift in Sources */,
				E42E27C820A828FE0068F77E /* OptinalTest.swift in Sources */,
			);
			runOnlyForDeploymentPostprocessing = 0;
		};
/* End PBXSourcesBuildPhase section */

/* Begin XCBuildConfiguration section */
		E4283F2B209EF80F004D2B66 /* Debug */ = {
			isa = XCBuildConfiguration;
			buildSettings = {
				ALWAYS_SEARCH_USER_PATHS = NO;
				CLANG_ANALYZER_NONNULL = YES;
				CLANG_ANALYZER_NUMBER_OBJECT_CONVERSION = YES_AGGRESSIVE;
				CLANG_CXX_LANGUAGE_STANDARD = "gnu++14";
				CLANG_CXX_LIBRARY = "libc++";
				CLANG_ENABLE_MODULES = YES;
				CLANG_ENABLE_OBJC_ARC = YES;
				CLANG_ENABLE_OBJC_WEAK = YES;
				CLANG_WARN_BLOCK_CAPTURE_AUTORELEASING = YES;
				CLANG_WARN_BOOL_CONVERSION = YES;
				CLANG_WARN_COMMA = YES;
				CLANG_WARN_CONSTANT_CONVERSION = YES;
				CLANG_WARN_DEPRECATED_OBJC_IMPLEMENTATIONS = YES;
				CLANG_WARN_DIRECT_OBJC_ISA_USAGE = YES_ERROR;
				CLANG_WARN_DOCUMENTATION_COMMENTS = YES;
				CLANG_WARN_EMPTY_BODY = YES;
				CLANG_WARN_ENUM_CONVERSION = YES;
				CLANG_WARN_INFINITE_RECURSION = YES;
				CLANG_WARN_INT_CONVERSION = YES;
				CLANG_WARN_NON_LITERAL_NULL_CONVERSION = YES;
				CLANG_WARN_OBJC_IMPLICIT_RETAIN_SELF = YES;
				CLANG_WARN_OBJC_LITERAL_CONVERSION = YES;
				CLANG_WARN_OBJC_ROOT_CLASS = YES_ERROR;
				CLANG_WARN_RANGE_LOOP_ANALYSIS = YES;
				CLANG_WARN_STRICT_PROTOTYPES = YES;
				CLANG_WARN_SUSPICIOUS_MOVE = YES;
				CLANG_WARN_UNGUARDED_AVAILABILITY = YES_AGGRESSIVE;
				CLANG_WARN_UNREACHABLE_CODE = YES;
				CLANG_WARN__DUPLICATE_METHOD_MATCH = YES;
				CODE_SIGN_IDENTITY = "-";
				COPY_PHASE_STRIP = NO;
				DEBUG_INFORMATION_FORMAT = dwarf;
				ENABLE_STRICT_OBJC_MSGSEND = YES;
				ENABLE_TESTABILITY = YES;
				GCC_C_LANGUAGE_STANDARD = gnu11;
				GCC_DYNAMIC_NO_PIC = NO;
				GCC_NO_COMMON_BLOCKS = YES;
				GCC_OPTIMIZATION_LEVEL = 0;
				GCC_PREPROCESSOR_DEFINITIONS = (
					"DEBUG=1",
					"$(inherited)",
				);
				GCC_WARN_64_TO_32_BIT_CONVERSION = YES;
				GCC_WARN_ABOUT_RETURN_TYPE = YES_ERROR;
				GCC_WARN_UNDECLARED_SELECTOR = YES;
				GCC_WARN_UNINITIALIZED_AUTOS = YES_AGGRESSIVE;
				GCC_WARN_UNUSED_FUNCTION = YES;
				GCC_WARN_UNUSED_VARIABLE = YES;
				MACOSX_DEPLOYMENT_TARGET = 10.13;
				MTL_ENABLE_DEBUG_INFO = YES;
				ONLY_ACTIVE_ARCH = YES;
				SDKROOT = macosx;
				SWIFT_ACTIVE_COMPILATION_CONDITIONS = DEBUG;
				SWIFT_OPTIMIZATION_LEVEL = "-Onone";
			};
			name = Debug;
		};
		E4283F2C209EF80F004D2B66 /* Release */ = {
			isa = XCBuildConfiguration;
			buildSettings = {
				ALWAYS_SEARCH_USER_PATHS = NO;
				CLANG_ANALYZER_NONNULL = YES;
				CLANG_ANALYZER_NUMBER_OBJECT_CONVERSION = YES_AGGRESSIVE;
				CLANG_CXX_LANGUAGE_STANDARD = "gnu++14";
				CLANG_CXX_LIBRARY = "libc++";
				CLANG_ENABLE_MODULES = YES;
				CLANG_ENABLE_OBJC_ARC = YES;
				CLANG_ENABLE_OBJC_WEAK = YES;
				CLANG_WARN_BLOCK_CAPTURE_AUTORELEASING = YES;
				CLANG_WARN_BOOL_CONVERSION = YES;
				CLANG_WARN_COMMA = YES;
				CLANG_WARN_CONSTANT_CONVERSION = YES;
				CLANG_WARN_DEPRECATED_OBJC_IMPLEMENTATIONS = YES;
				CLANG_WARN_DIRECT_OBJC_ISA_USAGE = YES_ERROR;
				CLANG_WARN_DOCUMENTATION_COMMENTS = YES;
				CLANG_WARN_EMPTY_BODY = YES;
				CLANG_WARN_ENUM_CONVERSION = YES;
				CLANG_WARN_INFINITE_RECURSION = YES;
				CLANG_WARN_INT_CONVERSION = YES;
				CLANG_WARN_NON_LITERAL_NULL_CONVERSION = YES;
				CLANG_WARN_OBJC_IMPLICIT_RETAIN_SELF = YES;
				CLANG_WARN_OBJC_LITERAL_CONVERSION = YES;
				CLANG_WARN_OBJC_ROOT_CLASS = YES_ERROR;
				CLANG_WARN_RANGE_LOOP_ANALYSIS = YES;
				CLANG_WARN_STRICT_PROTOTYPES = YES;
				CLANG_WARN_SUSPICIOUS_MOVE = YES;
				CLANG_WARN_UNGUARDED_AVAILABILITY = YES_AGGRESSIVE;
				CLANG_WARN_UNREACHABLE_CODE = YES;
				CLANG_WARN__DUPLICATE_METHOD_MATCH = YES;
				CODE_SIGN_IDENTITY = "-";
				COPY_PHASE_STRIP = NO;
				DEBUG_INFORMATION_FORMAT = "dwarf-with-dsym";
				ENABLE_NS_ASSERTIONS = NO;
				ENABLE_STRICT_OBJC_MSGSEND = YES;
				GCC_C_LANGUAGE_STANDARD = gnu11;
				GCC_NO_COMMON_BLOCKS = YES;
				GCC_WARN_64_TO_32_BIT_CONVERSION = YES;
				GCC_WARN_ABOUT_RETURN_TYPE = YES_ERROR;
				GCC_WARN_UNDECLARED_SELECTOR = YES;
				GCC_WARN_UNINITIALIZED_AUTOS = YES_AGGRESSIVE;
				GCC_WARN_UNUSED_FUNCTION = YES;
				GCC_WARN_UNUSED_VARIABLE = YES;
				MACOSX_DEPLOYMENT_TARGET = 10.13;
				MTL_ENABLE_DEBUG_INFO = NO;
				SDKROOT = macosx;
				SWIFT_COMPILATION_MODE = wholemodule;
				SWIFT_OPTIMIZATION_LEVEL = "-O";
			};
			name = Release;
		};
		E4283F2E209EF80F004D2B66 /* Debug */ = {
			isa = XCBuildConfiguration;
			buildSettings = {
				CODE_SIGN_STYLE = Automatic;
				PRODUCT_NAME = "$(TARGET_NAME)";
				SWIFT_VERSION = 4.0;
			};
			name = Debug;
		};
		E4283F2F209EF80F004D2B66 /* Release */ = {
			isa = XCBuildConfiguration;
			buildSettings = {
				CODE_SIGN_STYLE = Automatic;
				PRODUCT_NAME = "$(TARGET_NAME)";
				SWIFT_VERSION = 4.0;
			};
			name = Release;
		};
/* End XCBuildConfiguration section */

/* Begin XCConfigurationList section */
		E4283F21209EF80E004D2B66 /* Build configuration list for PBXProject "DataStructDemo" */ = {
			isa = XCConfigurationList;
			buildConfigurations = (
				E4283F2B209EF80F004D2B66 /* Debug */,
				E4283F2C209EF80F004D2B66 /* Release */,
			);
			defaultConfigurationIsVisible = 0;
			defaultConfigurationName = Release;
		};
		E4283F2D209EF80F004D2B66 /* Build configuration list for PBXNativeTarget "DataStructDemo" */ = {
			isa = XCConfigurationList;
			buildConfigurations = (
				E4283F2E209EF80F004D2B66 /* Debug */,
				E4283F2F209EF80F004D2B66 /* Release */,
			);
			defaultConfigurationIsVisible = 0;
			defaultConfigurationName = Release;
		};
/* End XCConfigurationList section */
	};
	rootObject = E4283F1E209EF80E004D2B66 /* Project object */;
}
